
Microsoft Visual Studio Solution File, Format Version 12.00
# Visual Studio for Mac
Project("{FAE04EC0-301F-11D3-BF4B-00C04F79EFBC}") = "Assembly-CSharp", "Assembly-CSharp.csproj", "{74DDDB13-0BD7-4FD6-4147-185AE39A71A4}"
EndProject
Project("{FAE04EC0-301F-11D3-BF4B-00C04F79EFBC}") = "Assembly-CSharp-firstpass", "Assembly-CSharp-firstpass.csproj", "{3204266D-D29B-47DE-E58B-84CD23E2553C}"
EndProject
Project("{FAE04EC0-301F-11D3-BF4B-00C04F79EFBC}") = "Assembly-CSharp-Editor-firstpass", "Assembly-CSharp-Editor-firstpass.csproj", "{0245C287-75AB-8F7F-AC45-9B1AF243E98A}"
EndProject
Global
	GlobalSection(SolutionConfigurationPlatforms) = preSolution
		Debug|Any CPU = Debug|Any CPU
		Release|Any CPU = Release|Any CPU
	EndGlobalSection
	GlobalSection(ProjectConfigurationPlatforms) = postSolution
		{74DDDB13-0BD7-4FD6-4147-185AE39A71A4}.Debug|Any CPU.ActiveCfg = Debug|Any CPU
		{74DDDB13-0BD7-4FD6-4147-185AE39A71A4}.Debug|Any CPU.Build.0 = Debug|Any CPU
		{74DDDB13-0BD7-4FD6-4147-185AE39A71A4}.Release|Any CPU.ActiveCfg = Release|Any CPU
		{74DDDB13-0BD7-4FD6-4147-185AE39A71A4}.Release|Any CPU.Build.0 = Release|Any CPU
		{3204266D-D29B-47DE-E58B-84CD23E2553C}.Debug|Any CPU.ActiveCfg = Debug|Any CPU
		{3204266D-D29B-47DE-E58B-84CD23E2553C}.Debug|Any CPU.Build.0 = Debug|Any CPU
		{3204266D-D29B-47DE-E58B-84CD23E2553C}.Release|Any CPU.ActiveCfg = Release|Any CPU
		{3204266D-D29B-47DE-E58B-84CD23E2553C}.Release|Any CPU.Build.0 = Release|Any CPU
		{0245C287-75AB-8F7F-AC45-9B1AF243E98A}.Debug|Any CPU.ActiveCfg = Debug|Any CPU
		{0245C287-75AB-8F7F-AC45-9B1AF243E98A}.Debug|Any CPU.Build.0 = Debug|Any CPU
		{0245C287-75AB-8F7F-AC45-9B1AF243E98A}.Release|Any CPU.ActiveCfg = Release|Any CPU
		{0245C287-75AB-8F7F-AC45-9B1AF243E98A}.Release|Any CPU.Build.0 = Release|Any CPU
	EndGlobalSection
	GlobalSection(SolutionProperties) = preSolution
		HideSolutionNode = FALSE
	EndGlobalSection
EndGlobal
